// !$*UTF8*$!
{
	archiveVersion = 1;
	classes = {
	};
	objectVersion = 50;
	objects = {

/* Begin PBXBuildFile section */
		443A5823236B32DB005ED13D /* ExperienceTableViewController.swift in Sources */ = {isa = PBXBuildFile; fileRef = 443A5822236B32DB005ED13D /* ExperienceTableViewController.swift */; };
		444820AB236C1982009F9862 /* Work1TableViewCell.swift in Sources */ = {isa = PBXBuildFile; fileRef = 444820AA236C1982009F9862 /* Work1TableViewCell.swift */; };
		444820AD236C337F009F9862 /* Work.swift in Sources */ = {isa = PBXBuildFile; fileRef = 444820AC236C337F009F9862 /* Work.swift */; };
		444820B1236C3FAD009F9862 /* Education.swift in Sources */ = {isa = PBXBuildFile; fileRef = 444820B0236C3FAD009F9862 /* Education.swift */; };
		445219FA2369E18E00F06EA6 /* CVViewController.swift in Sources */ = {isa = PBXBuildFile; fileRef = 445219F92369E18E00F06EA6 /* CVViewController.swift */; };
		445326EC236738790024465A /* AppDelegate.swift in Sources */ = {isa = PBXBuildFile; fileRef = 445326EB236738790024465A /* AppDelegate.swift */; };
		445326EE236738790024465A /* SceneDelegate.swift in Sources */ = {isa = PBXBuildFile; fileRef = 445326ED236738790024465A /* SceneDelegate.swift */; };
		445326F3236738790024465A /* Main.storyboard in Resources */ = {isa = PBXBuildFile; fileRef = 445326F1236738790024465A /* Main.storyboard */; };
		445326F6236738790024465A /* resumeApplication.xcdatamodeld in Sources */ = {isa = PBXBuildFile; fileRef = 445326F4236738790024465A /* resumeApplication.xcdatamodeld */; };
		445326F82367387A0024465A /* Assets.xcassets in Resources */ = {isa = PBXBuildFile; fileRef = 445326F72367387A0024465A /* Assets.xcassets */; };
		445326FB2367387A0024465A /* LaunchScreen.storyboard in Resources */ = {isa = PBXBuildFile; fileRef = 445326F92367387A0024465A /* LaunchScreen.storyboard */; };
		445327062367387B0024465A /* resumeApplicationTests.swift in Sources */ = {isa = PBXBuildFile; fileRef = 445327052367387B0024465A /* resumeApplicationTests.swift */; };
		445327112367387B0024465A /* resumeApplicationUITests.swift in Sources */ = {isa = PBXBuildFile; fileRef = 445327102367387B0024465A /* resumeApplicationUITests.swift */; };
		447AB0052371822D006EE25D /* SkillsViewController.swift in Sources */ = {isa = PBXBuildFile; fileRef = 447AB0042371822D006EE25D /* SkillsViewController.swift */; };
		44CCD270236E189200919BF7 /* ExperienceDetailViewController.swift in Sources */ = {isa = PBXBuildFile; fileRef = 44CCD26F236E189200919BF7 /* ExperienceDetailViewController.swift */; };
/* End PBXBuildFile section */

/* Begin PBXContainerItemProxy section */
		445327022367387B0024465A /* PBXContainerItemProxy */ = {
			isa = PBXContainerItemProxy;
			containerPortal = 445326E0236738790024465A /* Project object */;
			proxyType = 1;
			remoteGlobalIDString = 445326E7236738790024465A;
			remoteInfo = resumeApplication;
		};
		4453270D2367387B0024465A /* PBXContainerItemProxy */ = {
			isa = PBXContainerItemProxy;
			containerPortal = 445326E0236738790024465A /* Project object */;
			proxyType = 1;
			remoteGlobalIDString = 445326E7236738790024465A;
			remoteInfo = resumeApplication;
		};
/* End PBXContainerItemProxy section */

/* Begin PBXFileReference section */
		443A5822236B32DB005ED13D /* ExperienceTableViewController.swift */ = {isa = PBXFileReference; lastKnownFileType = sourcecode.swift; path = ExperienceTableViewController.swift; sourceTree = "<group>"; };
		444820AA236C1982009F9862 /* Work1TableViewCell.swift */ = {isa = PBXFileReference; lastKnownFileType = sourcecode.swift; path = Work1TableViewCell.swift; sourceTree = "<group>"; };
		444820AC236C337F009F9862 /* Work.swift */ = {isa = PBXFileReference; lastKnownFileType = sourcecode.swift; path = Work.swift; sourceTree = "<group>"; };
		444820B0236C3FAD009F9862 /* Education.swift */ = {isa = PBXFileReference; lastKnownFileType = sourcecode.swift; path = Education.swift; sourceTree = "<group>"; };
		445219F92369E18E00F06EA6 /* CVViewController.swift */ = {isa = PBXFileReference; lastKnownFileType = sourcecode.swift; path = CVViewController.swift; sourceTree = "<group>"; };
		445326E8236738790024465A /* resumeApplication.app */ = {isa = PBXFileReference; explicitFileType = wrapper.application; includeInIndex = 0; path = resumeApplication.app; sourceTree = BUILT_PRODUCTS_DIR; };
		445326EB236738790024465A /* AppDelegate.swift */ = {isa = PBXFileReference; lastKnownFileType = sourcecode.swift; path = AppDelegate.swift; sourceTree = "<group>"; };
		445326ED236738790024465A /* SceneDelegate.swift */ = {isa = PBXFileReference; lastKnownFileType = sourcecode.swift; path = SceneDelegate.swift; sourceTree = "<group>"; };
		445326F2236738790024465A /* Base */ = {isa = PBXFileReference; lastKnownFileType = file.storyboard; name = Base; path = Base.lproj/Main.storyboard; sourceTree = "<group>"; };
		445326F5236738790024465A /* resumeApplication.xcdatamodel */ = {isa = PBXFileReference; lastKnownFileType = wrapper.xcdatamodel; path = resumeApplication.xcdatamodel; sourceTree = "<group>"; };
		445326F72367387A0024465A /* Assets.xcassets */ = {isa = PBXFileReference; lastKnownFileType = folder.assetcatalog; path = Assets.xcassets; sourceTree = "<group>"; };
		445326FA2367387A0024465A /* Base */ = {isa = PBXFileReference; lastKnownFileType = file.storyboard; name = Base; path = Base.lproj/LaunchScreen.storyboard; sourceTree = "<group>"; };
		445326FC2367387A0024465A /* Info.plist */ = {isa = PBXFileReference; lastKnownFileType = text.plist.xml; path = Info.plist; sourceTree = "<group>"; };
		445327012367387B0024465A /* resumeApplicationTests.xctest */ = {isa = PBXFileReference; explicitFileType = wrapper.cfbundle; includeInIndex = 0; path = resumeApplicationTests.xctest; sourceTree = BUILT_PRODUCTS_DIR; };
		445327052367387B0024465A /* resumeApplicationTests.swift */ = {isa = PBXFileReference; lastKnownFileType = sourcecode.swift; path = resumeApplicationTests.swift; sourceTree = "<group>"; };
		445327072367387B0024465A /* Info.plist */ = {isa = PBXFileReference; lastKnownFileType = text.plist.xml; path = Info.plist; sourceTree = "<group>"; };
		4453270C2367387B0024465A /* resumeApplicationUITests.xctest */ = {isa = PBXFileReference; explicitFileType = wrapper.cfbundle; includeInIndex = 0; path = resumeApplicationUITests.xctest; sourceTree = BUILT_PRODUCTS_DIR; };
		445327102367387B0024465A /* resumeApplicationUITests.swift */ = {isa = PBXFileReference; lastKnownFileType = sourcecode.swift; path = resumeApplicationUITests.swift; sourceTree = "<group>"; };
		445327122367387B0024465A /* Info.plist */ = {isa = PBXFileReference; lastKnownFileType = text.plist.xml; path = Info.plist; sourceTree = "<group>"; };
		447AB0042371822D006EE25D /* SkillsViewController.swift */ = {isa = PBXFileReference; lastKnownFileType = sourcecode.swift; path = SkillsViewController.swift; sourceTree = "<group>"; };
		44CCD26F236E189200919BF7 /* ExperienceDetailViewController.swift */ = {isa = PBXFileReference; lastKnownFileType = sourcecode.swift; path = ExperienceDetailViewController.swift; sourceTree = "<group>"; };
/* End PBXFileReference section */

/* Begin PBXFrameworksBuildPhase section */
		445326E5236738790024465A /* Frameworks */ = {
			isa = PBXFrameworksBuildPhase;
			buildActionMask = 2147483647;
			files = (
			);
			runOnlyForDeploymentPostprocessing = 0;
		};
		445326FE2367387A0024465A /* Frameworks */ = {
			isa = PBXFrameworksBuildPhase;
			buildActionMask = 2147483647;
			files = (
			);
			runOnlyForDeploymentPostprocessing = 0;
		};
		445327092367387B0024465A /* Frameworks */ = {
			isa = PBXFrameworksBuildPhase;
			buildActionMask = 2147483647;
			files = (
			);
			runOnlyForDeploymentPostprocessing = 0;
		};
/* End PBXFrameworksBuildPhase section */

/* Begin PBXGroup section */
		445326DF236738790024465A = {
			isa = PBXGroup;
			children = (
				445326EA236738790024465A /* resumeApplication */,
				445327042367387B0024465A /* resumeApplicationTests */,
				4453270F2367387B0024465A /* resumeApplicationUITests */,
				445326E9236738790024465A /* Products */,
			);
			sourceTree = "<group>";
		};
		445326E9236738790024465A /* Products */ = {
			isa = PBXGroup;
			children = (
				445326E8236738790024465A /* resumeApplication.app */,
				445327012367387B0024465A /* resumeApplicationTests.xctest */,
				4453270C2367387B0024465A /* resumeApplicationUITests.xctest */,
			);
			name = Products;
			sourceTree = "<group>";
		};
		445326EA236738790024465A /* resumeApplication */ = {
			isa = PBXGroup;
			children = (
				445326EB236738790024465A /* AppDelegate.swift */,
				445326ED236738790024465A /* SceneDelegate.swift */,
				445326F1236738790024465A /* Main.storyboard */,
				445326F72367387A0024465A /* Assets.xcassets */,
				445326F92367387A0024465A /* LaunchScreen.storyboard */,
				445326FC2367387A0024465A /* Info.plist */,
				445326F4236738790024465A /* resumeApplication.xcdatamodeld */,
				445219F92369E18E00F06EA6 /* CVViewController.swift */,
				443A5822236B32DB005ED13D /* ExperienceTableViewController.swift */,
				444820AA236C1982009F9862 /* Work1TableViewCell.swift */,
				444820AC236C337F009F9862 /* Work.swift */,
				444820B0236C3FAD009F9862 /* Education.swift */,
				44CCD26F236E189200919BF7 /* ExperienceDetailViewController.swift */,
				447AB0042371822D006EE25D /* SkillsViewController.swift */,
			);
			path = resumeApplication;
			sourceTree = "<group>";
		};
		445327042367387B0024465A /* resumeApplicationTests */ = {
			isa = PBXGroup;
			children = (
				445327052367387B0024465A /* resumeApplicationTests.swift */,
				445327072367387B0024465A /* Info.plist */,
			);
			path = resumeApplicationTests;
			sourceTree = "<group>";
		};
		4453270F2367387B0024465A /* resumeApplicationUITests */ = {
			isa = PBXGroup;
			children = (
				445327102367387B0024465A /* resumeApplicationUITests.swift */,
				445327122367387B0024465A /* Info.plist */,
			);
			path = resumeApplicationUITests;
			sourceTree = "<group>";
		};
/* End PBXGroup section */

/* Begin PBXNativeTarget section */
		445326E7236738790024465A /* resumeApplication */ = {
			isa = PBXNativeTarget;
			buildConfigurationList = 445327152367387B0024465A /* Build configuration list for PBXNativeTarget "resumeApplication" */;
			buildPhases = (
				445326E4236738790024465A /* Sources */,
				445326E5236738790024465A /* Frameworks */,
				445326E6236738790024465A /* Resources */,
			);
			buildRules = (
			);
			dependencies = (
			);
			name = resumeApplication;
			productName = resumeApplication;
			productReference = 445326E8236738790024465A /* resumeApplication.app */;
			productType = "com.apple.product-type.application";
		};
		445327002367387A0024465A /* resumeApplicationTests */ = {
			isa = PBXNativeTarget;
			buildConfigurationList = 445327182367387B0024465A /* Build configuration list for PBXNativeTarget "resumeApplicationTests" */;
			buildPhases = (
				445326FD2367387A0024465A /* Sources */,
				445326FE2367387A0024465A /* Frameworks */,
				445326FF2367387A0024465A /* Resources */,
			);
			buildRules = (
			);
			dependencies = (
				445327032367387B0024465A /* PBXTargetDependency */,
			);
			name = resumeApplicationTests;
			productName = resumeApplicationTests;
			productReference = 445327012367387B0024465A /* resumeApplicationTests.xctest */;
			productType = "com.apple.product-type.bundle.unit-test";
		};
		4453270B2367387B0024465A /* resumeApplicationUITests */ = {
			isa = PBXNativeTarget;
			buildConfigurationList = 4453271B2367387B0024465A /* Build configuration list for PBXNativeTarget "resumeApplicationUITests" */;
			buildPhases = (
				445327082367387B0024465A /* Sources */,
				445327092367387B0024465A /* Frameworks */,
				4453270A2367387B0024465A /* Resources */,
			);
			buildRules = (
			);
			dependencies = (
				4453270E2367387B0024465A /* PBXTargetDependency */,
			);
			name = resumeApplicationUITests;
			productName = resumeApplicationUITests;
			productReference = 4453270C2367387B0024465A /* resumeApplicationUITests.xctest */;
			productType = "com.apple.product-type.bundle.ui-testing";
		};
/* End PBXNativeTarget section */

/* Begin PBXProject section */
		445326E0236738790024465A /* Project object */ = {
			isa = PBXProject;
			attributes = {
				LastSwiftUpdateCheck = 1100;
				LastUpgradeCheck = 1100;
				ORGANIZATIONNAME = JosefinLindvall;
				TargetAttributes = {
					445326E7236738790024465A = {
						CreatedOnToolsVersion = 11.0;
					};
					445327002367387A0024465A = {
						CreatedOnToolsVersion = 11.0;
						TestTargetID = 445326E7236738790024465A;
					};
					4453270B2367387B0024465A = {
						CreatedOnToolsVersion = 11.0;
						TestTargetID = 445326E7236738790024465A;
					};
				};
			};
			buildConfigurationList = 445326E3236738790024465A /* Build configuration list for PBXProject "resumeApplication" */;
			compatibilityVersion = "Xcode 9.3";
			developmentRegion = en;
			hasScannedForEncodings = 0;
			knownRegions = (
				en,
				Base,
			);
			mainGroup = 445326DF236738790024465A;
			productRefGroup = 445326E9236738790024465A /* Products */;
			projectDirPath = "";
			projectRoot = "";
			targets = (
				445326E7236738790024465A /* resumeApplication */,
				445327002367387A0024465A /* resumeApplicationTests */,
				4453270B2367387B0024465A /* resumeApplicationUITests */,
			);
		};
/* End PBXProject section */

/* Begin PBXResourcesBuildPhase section */
		445326E6236738790024465A /* Resources */ = {
			isa = PBXResourcesBuildPhase;
			buildActionMask = 2147483647;
			files = (
				445326FB2367387A0024465A /* LaunchScreen.storyboard in Resources */,
				445326F82367387A0024465A /* Assets.xcassets in Resources */,
				445326F3236738790024465A /* Main.storyboard in Resources */,
			);
			runOnlyForDeploymentPostprocessing = 0;
		};
		445326FF2367387A0024465A /* Resources */ = {
			isa = PBXResourcesBuildPhase;
			buildActionMask = 2147483647;
			files = (
			);
			runOnlyForDeploymentPostprocessing = 0;
		};
		4453270A2367387B0024465A /* Resources */ = {
			isa = PBXResourcesBuildPhase;
			buildActionMask = 2147483647;
			files = (
			);
			runOnlyForDeploymentPostprocessing = 0;
		};
/* End PBXResourcesBuildPhase section */

/* Begin PBXSourcesBuildPhase section */
		445326E4236738790024465A /* Sources */ = {
			isa = PBXSourcesBuildPhase;
			buildActionMask = 2147483647;
			files = (
				445219FA2369E18E00F06EA6 /* CVViewController.swift in Sources */,
				44CCD270236E189200919BF7 /* ExperienceDetailViewController.swift in Sources */,
				444820AD236C337F009F9862 /* Work.swift in Sources */,
				445326EC236738790024465A /* AppDelegate.swift in Sources */,
				444820AB236C1982009F9862 /* Work1TableViewCell.swift in Sources */,
				445326EE236738790024465A /* SceneDelegate.swift in Sources */,
				445326F6236738790024465A /* resumeApplication.xcdatamodeld in Sources */,
				443A5823236B32DB005ED13D /* ExperienceTableViewController.swift in Sources */,
				447AB0052371822D006EE25D /* SkillsViewController.swift in Sources */,
				444820B1236C3FAD009F9862 /* Education.swift in Sources */,
			);
			runOnlyForDeploymentPostprocessing = 0;
		};
		445326FD2367387A0024465A /* Sources */ = {
			isa = PBXSourcesBuildPhase;
			buildActionMask = 2147483647;
			files = (
				445327062367387B0024465A /* resumeApplicationTests.swift in Sources */,
			);
			runOnlyForDeploymentPostprocessing = 0;
		};
		445327082367387B0024465A /* Sources */ = {
			isa = PBXSourcesBuildPhase;
			buildActionMask = 2147483647;
			files = (
				445327112367387B0024465A /* resumeApplicationUITests.swift in Sources */,
			);
			runOnlyForDeploymentPostprocessing = 0;
		};
/* End PBXSourcesBuildPhase section */

/* Begin PBXTargetDependency section */
		445327032367387B0024465A /* PBXTargetDependency */ = {
			isa = PBXTargetDependency;
			target = 445326E7236738790024465A /* resumeApplication */;
			targetProxy = 445327022367387B0024465A /* PBXContainerItemProxy */;
		};
		4453270E2367387B0024465A /* PBXTargetDependency */ = {
			isa = PBXTargetDependency;
			target = 445326E7236738790024465A /* resumeApplication */;
			targetProxy = 4453270D2367387B0024465A /* PBXContainerItemProxy */;
		};
/* End PBXTargetDependency section */

/* Begin PBXVariantGroup section */
		445326F1236738790024465A /* Main.storyboard */ = {
			isa = PBXVariantGroup;
			children = (
				445326F2236738790024465A /* Base */,
			);
			name = Main.storyboard;
			sourceTree = "<group>";
		};
		445326F92367387A0024465A /* LaunchScreen.storyboard */ = {
			isa = PBXVariantGroup;
			children = (
				445326FA2367387A0024465A /* Base */,
			);
			name = LaunchScreen.storyboard;
			sourceTree = "<group>";
		};
/* End PBXVariantGroup section */

/* Begin XCBuildConfiguration section */
		445327132367387B0024465A /* Debug */ = {
			isa = XCBuildConfiguration;
			buildSettings = {
				ALWAYS_SEARCH_USER_PATHS = NO;
				CLANG_ANALYZER_NONNULL = YES;
				CLANG_ANALYZER_NUMBER_OBJECT_CONVERSION = YES_AGGRESSIVE;
				CLANG_CXX_LANGUAGE_STANDARD = "gnu++14";
				CLANG_CXX_LIBRARY = "libc++";
				CLANG_ENABLE_MODULES = YES;
				CLANG_ENABLE_OBJC_ARC = YES;
				CLANG_ENABLE_OBJC_WEAK = YES;
				CLANG_WARN_BLOCK_CAPTURE_AUTORELEASING = YES;
				CLANG_WARN_BOOL_CONVERSION = YES;
				CLANG_WARN_COMMA = YES;
				CLANG_WARN_CONSTANT_CONVERSION = YES;
				CLANG_WARN_DEPRECATED_OBJC_IMPLEMENTATIONS = YES;
				CLANG_WARN_DIRECT_OBJC_ISA_USAGE = YES_ERROR;
				CLANG_WARN_DOCUMENTATION_COMMENTS = YES;
				CLANG_WARN_EMPTY_BODY = YES;
				CLANG_WARN_ENUM_CONVERSION = YES;
				CLANG_WARN_INFINITE_RECURSION = YES;
				CLANG_WARN_INT_CONVERSION = YES;
				CLANG_WARN_NON_LITERAL_NULL_CONVERSION = YES;
				CLANG_WARN_OBJC_IMPLICIT_RETAIN_SELF = YES;
				CLANG_WARN_OBJC_LITERAL_CONVERSION = YES;
				CLANG_WARN_OBJC_ROOT_CLASS = YES_ERROR;
				CLANG_WARN_RANGE_LOOP_ANALYSIS = YES;
				CLANG_WARN_STRICT_PROTOTYPES = YES;
				CLANG_WARN_SUSPICIOUS_MOVE = YES;
				CLANG_WARN_UNGUARDED_AVAILABILITY = YES_AGGRESSIVE;
				CLANG_WARN_UNREACHABLE_CODE = YES;
				CLANG_WARN__DUPLICATE_METHOD_MATCH = YES;
				COPY_PHASE_STRIP = NO;
				DEBUG_INFORMATION_FORMAT = dwarf;
				ENABLE_STRICT_OBJC_MSGSEND = YES;
				ENABLE_TESTABILITY = YES;
				GCC_C_LANGUAGE_STANDARD = gnu11;
				GCC_DYNAMIC_NO_PIC = NO;
				GCC_NO_COMMON_BLOCKS = YES;
				GCC_OPTIMIZATION_LEVEL = 0;
				GCC_PREPROCESSOR_DEFINITIONS = (
					"DEBUG=1",
					"$(inherited)",
				);
				GCC_WARN_64_TO_32_BIT_CONVERSION = YES;
				GCC_WARN_ABOUT_RETURN_TYPE = YES_ERROR;
				GCC_WARN_UNDECLARED_SELECTOR = YES;
				GCC_WARN_UNINITIALIZED_AUTOS = YES_AGGRESSIVE;
				GCC_WARN_UNUSED_FUNCTION = YES;
				GCC_WARN_UNUSED_VARIABLE = YES;
				IPHONEOS_DEPLOYMENT_TARGET = 13.0;
				MTL_ENABLE_DEBUG_INFO = INCLUDE_SOURCE;
				MTL_FAST_MATH = YES;
				ONLY_ACTIVE_ARCH = YES;
				SDKROOT = iphoneos;
				SWIFT_ACTIVE_COMPILATION_CONDITIONS = DEBUG;
				SWIFT_OPTIMIZATION_LEVEL = "-Onone";
			};
			name = Debug;
		};
		445327142367387B0024465A /* Release */ = {
			isa = XCBuildConfiguration;
			buildSettings = {
				ALWAYS_SEARCH_USER_PATHS = NO;
				CLANG_ANALYZER_NONNULL = YES;
				CLANG_ANALYZER_NUMBER_OBJECT_CONVERSION = YES_AGGRESSIVE;
				CLANG_CXX_LANGUAGE_STANDARD = "gnu++14";
				CLANG_CXX_LIBRARY = "libc++";
				CLANG_ENABLE_MODULES = YES;
				CLANG_ENABLE_OBJC_ARC = YES;
				CLANG_ENABLE_OBJC_WEAK = YES;
				CLANG_WARN_BLOCK_CAPTURE_AUTORELEASING = YES;
				CLANG_WARN_BOOL_CONVERSION = YES;
				CLANG_WARN_COMMA = YES;
				CLANG_WARN_CONSTANT_CONVERSION = YES;
				CLANG_WARN_DEPRECATED_OBJC_IMPLEMENTATIONS = YES;
				CLANG_WARN_DIRECT_OBJC_ISA_USAGE = YES_ERROR;
				CLANG_WARN_DOCUMENTATION_COMMENTS = YES;
				CLANG_WARN_EMPTY_BODY = YES;
				CLANG_WARN_ENUM_CONVERSION = YES;
				CLANG_WARN_INFINITE_RECURSION = YES;
				CLANG_WARN_INT_CONVERSION = YES;
				CLANG_WARN_NON_LITERAL_NULL_CONVERSION = YES;
				CLANG_WARN_OBJC_IMPLICIT_RETAIN_SELF = YES;
				CLANG_WARN_OBJC_LITERAL_CONVERSION = YES;
				CLANG_WARN_OBJC_ROOT_CLASS = YES_ERROR;
				CLANG_WARN_RANGE_LOOP_ANALYSIS = YES;
				CLANG_WARN_STRICT_PROTOTYPES = YES;
				CLANG_WARN_SUSPICIOUS_MOVE = YES;
				CLANG_WARN_UNGUARDED_AVAILABILITY = YES_AGGRESSIVE;
				CLANG_WARN_UNREACHABLE_CODE = YES;
				CLANG_WARN__DUPLICATE_METHOD_MATCH = YES;
				COPY_PHASE_STRIP = NO;
				DEBUG_INFORMATION_FORMAT = "dwarf-with-dsym";
				ENABLE_NS_ASSERTIONS = NO;
				ENABLE_STRICT_OBJC_MSGSEND = YES;
				GCC_C_LANGUAGE_STANDARD = gnu11;
				GCC_NO_COMMON_BLOCKS = YES;
				GCC_WARN_64_TO_32_BIT_CONVERSION = YES;
				GCC_WARN_ABOUT_RETURN_TYPE = YES_ERROR;
				GCC_WARN_UNDECLARED_SELECTOR = YES;
				GCC_WARN_UNINITIALIZED_AUTOS = YES_AGGRESSIVE;
				GCC_WARN_UNUSED_FUNCTION = YES;
				GCC_WARN_UNUSED_VARIABLE = YES;
				IPHONEOS_DEPLOYMENT_TARGET = 13.0;
				MTL_ENABLE_DEBUG_INFO = NO;
				MTL_FAST_MATH = YES;
				SDKROOT = iphoneos;
				SWIFT_COMPILATION_MODE = wholemodule;
				SWIFT_OPTIMIZATION_LEVEL = "-O";
				VALIDATE_PRODUCT = YES;
			};
			name = Release;
		};
		445327162367387B0024465A /* Debug */ = {
			isa = XCBuildConfiguration;
			buildSettings = {
				ASSETCATALOG_COMPILER_APPICON_NAME = AppIcon;
				CODE_SIGN_STYLE = Automatic;
				DEVELOPMENT_TEAM = US68R9373P;
				INFOPLIST_FILE = resumeApplication/Info.plist;
				LD_RUNPATH_SEARCH_PATHS = (
					"$(inherited)",
					"@executable_path/Frameworks",
				);
				PRODUCT_BUNDLE_IDENTIFIER = "com.JosefinLindvall00-.resumeApplication";
				PRODUCT_NAME = "$(TARGET_NAME)";
				SWIFT_VERSION = 5.0;
				TARGETED_DEVICE_FAMILY = "1,2";
			};
			name = Debug;
		};
		445327172367387B0024465A /* Release */ = {
			isa = XCBuildConfiguration;
			buildSettings = {
				ASSETCATALOG_COMPILER_APPICON_NAME = AppIcon;
				CODE_SIGN_STYLE = Automatic;
				DEVELOPMENT_TEAM = US68R9373P;
				INFOPLIST_FILE = resumeApplication/Info.plist;
				LD_RUNPATH_SEARCH_PATHS = (
					"$(inherited)",
					"@executable_path/Frameworks",
				);
				PRODUCT_BUNDLE_IDENTIFIER = "com.JosefinLindvall00-.resumeApplication";
				PRODUCT_NAME = "$(TARGET_NAME)";
				SWIFT_VERSION = 5.0;
				TARGETED_DEVICE_FAMILY = "1,2";
			};
			name = Release;
		};
		445327192367387B0024465A /* Debug */ = {
			isa = XCBuildConfiguration;
			buildSettings = {
				ALWAYS_EMBED_SWIFT_STANDARD_LIBRARIES = YES;
				BUNDLE_LOADER = "$(TEST_HOST)";
				CODE_SIGN_STYLE = Automatic;
				DEVELOPMENT_TEAM = US68R9373P;
				INFOPLIST_FILE = resumeApplicationTests/Info.plist;
				IPHONEOS_DEPLOYMENT_TARGET = 13.0;
				LD_RUNPATH_SEARCH_PATHS = (
					"$(inherited)",
					"@executable_path/Frameworks",
					"@loader_path/Frameworks",
				);
				PRODUCT_BUNDLE_IDENTIFIER = "com.JosefinLindvall00-.resumeApplicationTests";
				PRODUCT_NAME = "$(TARGET_NAME)";
				SWIFT_VERSION = 5.0;
				TARGETED_DEVICE_FAMILY = "1,2";
				TEST_HOST = "$(BUILT_PRODUCTS_DIR)/resumeApplication.app/resumeApplication";
			};
			name = Debug;
		};
		4453271A2367387B0024465A /* Release */ = {
			isa = XCBuildConfiguration;
			buildSettings = {
				ALWAYS_EMBED_SWIFT_STANDARD_LIBRARIES = YES;
				BUNDLE_LOADER = "$(TEST_HOST)";
				CODE_SIGN_STYLE = Automatic;
				DEVELOPMENT_TEAM = US68R9373P;
				INFOPLIST_FILE = resumeApplicationTests/Info.plist;
				IPHONEOS_DEPLOYMENT_TARGET = 13.0;
				LD_RUNPATH_SEARCH_PATHS = (
					"$(inherited)",
					"@executable_path/Frameworks",
					"@loader_path/Frameworks",
				);
				PRODUCT_BUNDLE_IDENTIFIER = "com.JosefinLindvall00-.resumeApplicationTests";
				PRODUCT_NAME = "$(TARGET_NAME)";
				SWIFT_VERSION = 5.0;
				TARGETED_DEVICE_FAMILY = "1,2";
				TEST_HOST = "$(BUILT_PRODUCTS_DIR)/resumeApplication.app/resumeApplication";
			};
			name = Release;
		};
		4453271C2367387B0024465A /* Debug */ = {
			isa = XCBuildConfiguration;
			buildSettings = {
				ALWAYS_EMBED_SWIFT_STANDARD_LIBRARIES = YES;
				CODE_SIGN_STYLE = Automatic;
				DEVELOPMENT_TEAM = US68R9373P;
				INFOPLIST_FILE = resumeApplicationUITests/Info.plist;
				LD_RUNPATH_SEARCH_PATHS = (
					"$(inherited)",
					"@executable_path/Frameworks",
					"@loader_path/Frameworks",
				);
				PRODUCT_BUNDLE_IDENTIFIER = "com.JosefinLindvall00-.resumeApplicationUITests";
				PRODUCT_NAME = "$(TARGET_NAME)";
				SWIFT_VERSION = 5.0;
				TARGETED_DEVICE_FAMILY = "1,2";
				TEST_TARGET_NAME = resumeApplication;
			};
			name = Debug;
		};
		4453271D2367387B0024465A /* Release */ = {
			isa = XCBuildConfiguration;
			buildSettings = {
				ALWAYS_EMBED_SWIFT_STANDARD_LIBRARIES = YES;
				CODE_SIGN_STYLE = Automatic;
				DEVELOPMENT_TEAM = US68R9373P;
				INFOPLIST_FILE = resumeApplicationUITests/Info.plist;
				LD_RUNPATH_SEARCH_PATHS = (
					"$(inherited)",
					"@executable_path/Frameworks",
					"@loader_path/Frameworks",
				);
				PRODUCT_BUNDLE_IDENTIFIER = "com.JosefinLindvall00-.resumeApplicationUITests";
				PRODUCT_NAME = "$(TARGET_NAME)";
				SWIFT_VERSION = 5.0;
				TARGETED_DEVICE_FAMILY = "1,2";
				TEST_TARGET_NAME = resumeApplication;
			};
			name = Release;
		};
/* End XCBuildConfiguration section */

/* Begin XCConfigurationList section */
		445326E3236738790024465A /* Build configuration list for PBXProject "resumeApplication" */ = {
			isa = XCConfigurationList;
			buildConfigurations = (
				445327132367387B0024465A /* Debug */,
				445327142367387B0024465A /* Release */,
			);
			defaultConfigurationIsVisible = 0;
			defaultConfigurationName = Release;
		};
		445327152367387B0024465A /* Build configuration list for PBXNativeTarget "resumeApplication" */ = {
			isa = XCConfigurationList;
			buildConfigurations = (
				445327162367387B0024465A /* Debug */,
				445327172367387B0024465A /* Release */,
			);
			defaultConfigurationIsVisible = 0;
			defaultConfigurationName = Release;
		};
		445327182367387B0024465A /* Build configuration list for PBXNativeTarget "resumeApplicationTests" */ = {
			isa = XCConfigurationList;
			buildConfigurations = (
				445327192367387B0024465A /* Debug */,
				4453271A2367387B0024465A /* Release */,
			);
			defaultConfigurationIsVisible = 0;
			defaultConfigurationName = Release;
		};
		4453271B2367387B0024465A /* Build configuration list for PBXNativeTarget "resumeApplicationUITests" */ = {
			isa = XCConfigurationList;
			buildConfigurations = (
				4453271C2367387B0024465A /* Debug */,
				4453271D2367387B0024465A /* Release */,
			);
			defaultConfigurationIsVisible = 0;
			defaultConfigurationName = Release;
		};
/* End XCConfigurationList section */

/* Begin XCVersionGroup section */
		445326F4236738790024465A /* resumeApplication.xcdatamodeld */ = {
			isa = XCVersionGroup;
			children = (
				445326F5236738790024465A /* resumeApplication.xcdatamodel */,
			);
			currentVersion = 445326F5236738790024465A /* resumeApplication.xcdatamodel */;
			path = resumeApplication.xcdatamodeld;
			sourceTree = "<group>";
			versionGroupType = wrapper.xcdatamodel;
		};
/* End XCVersionGroup section */
	};
	rootObject = 445326E0236738790024465A /* Project object */;
}
